
Microsoft Visual Studio Solution File, Format Version 12.00
# Visual Studio Version 16
VisualStudioVersion = 16.0.30907.101
MinimumVisualStudioVersion = 10.0.40219.1
Project("{9A19103F-16F7-4668-BE54-9A1E7A4F7556}") = "Common", "Common\Common.csproj", "{6F9B35F3-81D1-40F8-98E5-72A6326E01C6}"
EndProject
Project("{9A19103F-16F7-4668-BE54-9A1E7A4F7556}") = "CmsSigner", "CmsSigner\CmsSigner.csproj", "{76059D67-AED6-441B-B3E4-B1364D5F410C}"
EndProject
Project("{9A19103F-16F7-4668-BE54-9A1E7A4F7556}") = "Common.Tests", "Common.Tests\Common.Tests.csproj", "{EE00A9D5-076D-4BFF-85E7-C08D271698D8}"
EndProject
Project("{2150E333-8FDC-42A3-9474-1A3956D46DE8}") = "Solution Items", "Solution Items", "{752749ED-F976-4A04-96A8-5CA9C484D265}"
	ProjectSection(SolutionItems) = preProject
		.editorconfig = .editorconfig
	EndProjectSection
EndProject
Project("{9A19103F-16F7-4668-BE54-9A1E7A4F7556}") = "DigitalGreenGatewayTool", "DigitalGreenGatewayTool\DigitalGreenGatewayTool.csproj", "{BE8D491E-D4C5-4629-92D9-D25FABE64220}"
EndProject
Project("{9A19103F-16F7-4668-BE54-9A1E7A4F7556}") = "DigitalGreenGatewayToolTests", "DigitalGreenGatewayToolTests\DigitalGreenGatewayToolTests.csproj", "{04AB26B2-4C8D-4972-9FF3-19DC2FDD26CA}"
EndProject
Global
	GlobalSection(SolutionConfigurationPlatforms) = preSolution
		Debug|Any CPU = Debug|Any CPU
		Release|Any CPU = Release|Any CPU
	EndGlobalSection
	GlobalSection(ProjectConfigurationPlatforms) = postSolution
		{6F9B35F3-81D1-40F8-98E5-72A6326E01C6}.Debug|Any CPU.ActiveCfg = Debug|Any CPU
		{6F9B35F3-81D1-40F8-98E5-72A6326E01C6}.Debug|Any CPU.Build.0 = Debug|Any CPU
		{6F9B35F3-81D1-40F8-98E5-72A6326E01C6}.Release|Any CPU.ActiveCfg = Release|Any CPU
		{6F9B35F3-81D1-40F8-98E5-72A6326E01C6}.Release|Any CPU.Build.0 = Release|Any CPU
		{76059D67-AED6-441B-B3E4-B1364D5F410C}.Debug|Any CPU.ActiveCfg = Debug|Any CPU
		{76059D67-AED6-441B-B3E4-B1364D5F410C}.Debug|Any CPU.Build.0 = Debug|Any CPU
		{76059D67-AED6-441B-B3E4-B1364D5F410C}.Release|Any CPU.ActiveCfg = Release|Any CPU
		{76059D67-AED6-441B-B3E4-B1364D5F410C}.Release|Any CPU.Build.0 = Release|Any CPU
		{EE00A9D5-076D-4BFF-85E7-C08D271698D8}.Debug|Any CPU.ActiveCfg = Debug|Any CPU
		{EE00A9D5-076D-4BFF-85E7-C08D271698D8}.Debug|Any CPU.Build.0 = Debug|Any CPU
		{EE00A9D5-076D-4BFF-85E7-C08D271698D8}.Release|Any CPU.ActiveCfg = Release|Any CPU
		{EE00A9D5-076D-4BFF-85E7-C08D271698D8}.Release|Any CPU.Build.0 = Release|Any CPU
		{BE8D491E-D4C5-4629-92D9-D25FABE64220}.Debug|Any CPU.ActiveCfg = Debug|Any CPU
		{BE8D491E-D4C5-4629-92D9-D25FABE64220}.Debug|Any CPU.Build.0 = Debug|Any CPU
		{BE8D491E-D4C5-4629-92D9-D25FABE64220}.Release|Any CPU.ActiveCfg = Release|Any CPU
		{BE8D491E-D4C5-4629-92D9-D25FABE64220}.Release|Any CPU.Build.0 = Release|Any CPU
		{04AB26B2-4C8D-4972-9FF3-19DC2FDD26CA}.Debug|Any CPU.ActiveCfg = Debug|Any CPU
		{04AB26B2-4C8D-4972-9FF3-19DC2FDD26CA}.Debug|Any CPU.Build.0 = Debug|Any CPU
		{04AB26B2-4C8D-4972-9FF3-19DC2FDD26CA}.Release|Any CPU.ActiveCfg = Release|Any CPU
		{04AB26B2-4C8D-4972-9FF3-19DC2FDD26CA}.Release|Any CPU.Build.0 = Release|Any CPU
	EndGlobalSection
	GlobalSection(SolutionProperties) = preSolution
		HideSolutionNode = FALSE
	EndGlobalSection
	GlobalSection(ExtensibilityGlobals) = postSolution
		SolutionGuid = {4594D907-7F95-4BE7-9F36-5549A090604B}
	EndGlobalSection
EndGlobal
