
Microsoft Visual Studio Solution File, Format Version 12.00
# Visual Studio Version 16
VisualStudioVersion = 16.0.30907.101
MinimumVisualStudioVersion = 10.0.40219.1
Project("{9A19103F-16F7-4668-BE54-9A1E7A4F7556}") = "IssuerApi", "IssuerApi\IssuerApi.csproj", "{5021BEB6-5928-48C2-A590-6AFDD6BE8296}"
EndProject
Project("{9A19103F-16F7-4668-BE54-9A1E7A4F7556}") = "IssuerInterop", "IssuerInterop\IssuerInterop.csproj", "{90C7E302-B410-44DF-AD06-6C11FF50A7F4}"
EndProject
Project("{9A19103F-16F7-4668-BE54-9A1E7A4F7556}") = "Common", "Common\Common.csproj", "{6F9B35F3-81D1-40F8-98E5-72A6326E01C6}"
EndProject
Project("{9A19103F-16F7-4668-BE54-9A1E7A4F7556}") = "IssuerInteropTests", "IssuerInteropTests\IssuerInteropTests.csproj", "{86E353CE-90ED-47F8-8283-D80674F6A6D4}"
	ProjectSection(ProjectDependencies) = postProject
		{90C7E302-B410-44DF-AD06-6C11FF50A7F4} = {90C7E302-B410-44DF-AD06-6C11FF50A7F4}
	EndProjectSection
EndProject
Project("{9A19103F-16F7-4668-BE54-9A1E7A4F7556}") = "IssuerInteropExample", "IssuerInteropExample\IssuerInteropExample.csproj", "{A5D58099-16A5-447C-8778-49B6E7536EC5}"
EndProject
Project("{2150E333-8FDC-42A3-9474-1A3956D46DE8}") = "Example", "Example", "{46473F77-7246-4A71-B549-460773DF3108}"
EndProject
Project("{9A19103F-16F7-4668-BE54-9A1E7A4F7556}") = "IssuerInteropExampleTests", "IssuerInteropExampleTests\IssuerInteropExampleTests.csproj", "{B84B176D-7351-4F23-951B-F783105B4C46}"
EndProject
Project("{9A19103F-16F7-4668-BE54-9A1E7A4F7556}") = "IssuerApiTests", "IssuerApiTests\IssuerApiTests.csproj", "{F99B9622-595C-4E73-BFBF-9F1D47975288}"
EndProject
Project("{9A19103F-16F7-4668-BE54-9A1E7A4F7556}") = "Common.Web", "Common.Web\Common.Web.csproj", "{67279E2D-AE0E-454C-BCDF-69B80548E876}"
EndProject
Project("{9A19103F-16F7-4668-BE54-9A1E7A4F7556}") = "Common.Testing", "Common.Testing\Common.Testing.csproj", "{C3E6C58F-9B5E-48B2-902A-5862809DE416}"
EndProject
Project("{9A19103F-16F7-4668-BE54-9A1E7A4F7556}") = "CmsSigner", "CmsSigner\CmsSigner.csproj", "{76059D67-AED6-441B-B3E4-B1364D5F410C}"
EndProject
Project("{2150E333-8FDC-42A3-9474-1A3956D46DE8}") = "Tools", "Tools", "{A20C5F91-0261-4C37-9370-42762BAB07EC}"
EndProject
Project("{9A19103F-16F7-4668-BE54-9A1E7A4F7556}") = "Common.Web.Tests", "Common.Web.Tests\Common.Web.Tests.csproj", "{62D8BBC3-E07F-45D1-A454-8526E18AAC0F}"
EndProject
Project("{9A19103F-16F7-4668-BE54-9A1E7A4F7556}") = "Common.Tests", "Common.Tests\Common.Tests.csproj", "{EE00A9D5-076D-4BFF-85E7-C08D271698D8}"
EndProject
Project("{9A19103F-16F7-4668-BE54-9A1E7A4F7556}") = "ProofOfTestApi", "ProofOfTestApi\ProofOfTestApi.csproj", "{DC107447-6489-428D-B63C-AFC8FA944244}"
EndProject
Project("{9A19103F-16F7-4668-BE54-9A1E7A4F7556}") = "ProofOfTestApiTests", "ProofOfTestApiTests\ProofOfTestApiTests.csproj", "{FFADCCE0-9615-4F6A-B610-AF0713AB1077}"
EndProject
Project("{9A19103F-16F7-4668-BE54-9A1E7A4F7556}") = "IssuerApi.Models", "IssuerApi.Models\IssuerApi.Models.csproj", "{3EF83306-A96F-41D7-9588-7BB33A38620E}"
EndProject
Project("{2150E333-8FDC-42A3-9474-1A3956D46DE8}") = "Solution Items", "Solution Items", "{752749ED-F976-4A04-96A8-5CA9C484D265}"
	ProjectSection(SolutionItems) = preProject
		.editorconfig = .editorconfig
	EndProjectSection
EndProject
Project("{9A19103F-16F7-4668-BE54-9A1E7A4F7556}") = "StaticProofApi", "StaticProofApi\StaticProofApi.csproj", "{AA4961E4-AB9C-4BFF-A59E-C4874A01A4BB}"
EndProject
Project("{2150E333-8FDC-42A3-9474-1A3956D46DE8}") = "APIs", "APIs", "{17FBBE80-7C50-438E-BF9C-841872A5145D}"
EndProject
Project("{9A19103F-16F7-4668-BE54-9A1E7A4F7556}") = "IssuerApi.Client", "IssuerApi.Client\IssuerApi.Client.csproj", "{55AA3B18-2FA2-4D01-A215-508C16A897B0}"
EndProject
Project("{9A19103F-16F7-4668-BE54-9A1E7A4F7556}") = "StaticProofApiTests", "StaticProofApiTests\StaticProofApiTests.csproj", "{CD3CD721-B284-4D25-B850-B672A4207810}"
EndProject
Global
	GlobalSection(SolutionConfigurationPlatforms) = preSolution
		Debug|Any CPU = Debug|Any CPU
		Release|Any CPU = Release|Any CPU
	EndGlobalSection
	GlobalSection(ProjectConfigurationPlatforms) = postSolution
		{5021BEB6-5928-48C2-A590-6AFDD6BE8296}.Debug|Any CPU.ActiveCfg = Debug|Any CPU
		{5021BEB6-5928-48C2-A590-6AFDD6BE8296}.Debug|Any CPU.Build.0 = Debug|Any CPU
		{5021BEB6-5928-48C2-A590-6AFDD6BE8296}.Release|Any CPU.ActiveCfg = Release|Any CPU
		{5021BEB6-5928-48C2-A590-6AFDD6BE8296}.Release|Any CPU.Build.0 = Release|Any CPU
		{90C7E302-B410-44DF-AD06-6C11FF50A7F4}.Debug|Any CPU.ActiveCfg = Debug|Any CPU
		{90C7E302-B410-44DF-AD06-6C11FF50A7F4}.Debug|Any CPU.Build.0 = Debug|Any CPU
		{90C7E302-B410-44DF-AD06-6C11FF50A7F4}.Release|Any CPU.ActiveCfg = Release|Any CPU
		{90C7E302-B410-44DF-AD06-6C11FF50A7F4}.Release|Any CPU.Build.0 = Release|Any CPU
		{6F9B35F3-81D1-40F8-98E5-72A6326E01C6}.Debug|Any CPU.ActiveCfg = Debug|Any CPU
		{6F9B35F3-81D1-40F8-98E5-72A6326E01C6}.Debug|Any CPU.Build.0 = Debug|Any CPU
		{6F9B35F3-81D1-40F8-98E5-72A6326E01C6}.Release|Any CPU.ActiveCfg = Release|Any CPU
		{6F9B35F3-81D1-40F8-98E5-72A6326E01C6}.Release|Any CPU.Build.0 = Release|Any CPU
		{86E353CE-90ED-47F8-8283-D80674F6A6D4}.Debug|Any CPU.ActiveCfg = Debug|Any CPU
		{86E353CE-90ED-47F8-8283-D80674F6A6D4}.Debug|Any CPU.Build.0 = Debug|Any CPU
		{86E353CE-90ED-47F8-8283-D80674F6A6D4}.Release|Any CPU.ActiveCfg = Release|Any CPU
		{86E353CE-90ED-47F8-8283-D80674F6A6D4}.Release|Any CPU.Build.0 = Release|Any CPU
		{A5D58099-16A5-447C-8778-49B6E7536EC5}.Debug|Any CPU.ActiveCfg = Debug|Any CPU
		{A5D58099-16A5-447C-8778-49B6E7536EC5}.Debug|Any CPU.Build.0 = Debug|Any CPU
		{A5D58099-16A5-447C-8778-49B6E7536EC5}.Release|Any CPU.ActiveCfg = Release|Any CPU
		{A5D58099-16A5-447C-8778-49B6E7536EC5}.Release|Any CPU.Build.0 = Release|Any CPU
		{B84B176D-7351-4F23-951B-F783105B4C46}.Debug|Any CPU.ActiveCfg = Debug|Any CPU
		{B84B176D-7351-4F23-951B-F783105B4C46}.Debug|Any CPU.Build.0 = Debug|Any CPU
		{B84B176D-7351-4F23-951B-F783105B4C46}.Release|Any CPU.ActiveCfg = Release|Any CPU
		{B84B176D-7351-4F23-951B-F783105B4C46}.Release|Any CPU.Build.0 = Release|Any CPU
		{F99B9622-595C-4E73-BFBF-9F1D47975288}.Debug|Any CPU.ActiveCfg = Debug|Any CPU
		{F99B9622-595C-4E73-BFBF-9F1D47975288}.Debug|Any CPU.Build.0 = Debug|Any CPU
		{F99B9622-595C-4E73-BFBF-9F1D47975288}.Release|Any CPU.ActiveCfg = Release|Any CPU
		{F99B9622-595C-4E73-BFBF-9F1D47975288}.Release|Any CPU.Build.0 = Release|Any CPU
		{67279E2D-AE0E-454C-BCDF-69B80548E876}.Debug|Any CPU.ActiveCfg = Debug|Any CPU
		{67279E2D-AE0E-454C-BCDF-69B80548E876}.Debug|Any CPU.Build.0 = Debug|Any CPU
		{67279E2D-AE0E-454C-BCDF-69B80548E876}.Release|Any CPU.ActiveCfg = Release|Any CPU
		{67279E2D-AE0E-454C-BCDF-69B80548E876}.Release|Any CPU.Build.0 = Release|Any CPU
		{C3E6C58F-9B5E-48B2-902A-5862809DE416}.Debug|Any CPU.ActiveCfg = Debug|Any CPU
		{C3E6C58F-9B5E-48B2-902A-5862809DE416}.Debug|Any CPU.Build.0 = Debug|Any CPU
		{C3E6C58F-9B5E-48B2-902A-5862809DE416}.Release|Any CPU.ActiveCfg = Release|Any CPU
		{C3E6C58F-9B5E-48B2-902A-5862809DE416}.Release|Any CPU.Build.0 = Release|Any CPU
		{76059D67-AED6-441B-B3E4-B1364D5F410C}.Debug|Any CPU.ActiveCfg = Debug|Any CPU
		{76059D67-AED6-441B-B3E4-B1364D5F410C}.Debug|Any CPU.Build.0 = Debug|Any CPU
		{76059D67-AED6-441B-B3E4-B1364D5F410C}.Release|Any CPU.ActiveCfg = Release|Any CPU
		{76059D67-AED6-441B-B3E4-B1364D5F410C}.Release|Any CPU.Build.0 = Release|Any CPU
		{62D8BBC3-E07F-45D1-A454-8526E18AAC0F}.Debug|Any CPU.ActiveCfg = Debug|Any CPU
		{62D8BBC3-E07F-45D1-A454-8526E18AAC0F}.Debug|Any CPU.Build.0 = Debug|Any CPU
		{62D8BBC3-E07F-45D1-A454-8526E18AAC0F}.Release|Any CPU.ActiveCfg = Release|Any CPU
		{62D8BBC3-E07F-45D1-A454-8526E18AAC0F}.Release|Any CPU.Build.0 = Release|Any CPU
		{EE00A9D5-076D-4BFF-85E7-C08D271698D8}.Debug|Any CPU.ActiveCfg = Debug|Any CPU
		{EE00A9D5-076D-4BFF-85E7-C08D271698D8}.Debug|Any CPU.Build.0 = Debug|Any CPU
		{EE00A9D5-076D-4BFF-85E7-C08D271698D8}.Release|Any CPU.ActiveCfg = Release|Any CPU
		{EE00A9D5-076D-4BFF-85E7-C08D271698D8}.Release|Any CPU.Build.0 = Release|Any CPU
		{DC107447-6489-428D-B63C-AFC8FA944244}.Debug|Any CPU.ActiveCfg = Debug|Any CPU
		{DC107447-6489-428D-B63C-AFC8FA944244}.Debug|Any CPU.Build.0 = Debug|Any CPU
		{DC107447-6489-428D-B63C-AFC8FA944244}.Release|Any CPU.ActiveCfg = Release|Any CPU
		{DC107447-6489-428D-B63C-AFC8FA944244}.Release|Any CPU.Build.0 = Release|Any CPU
		{FFADCCE0-9615-4F6A-B610-AF0713AB1077}.Debug|Any CPU.ActiveCfg = Debug|Any CPU
		{FFADCCE0-9615-4F6A-B610-AF0713AB1077}.Debug|Any CPU.Build.0 = Debug|Any CPU
		{FFADCCE0-9615-4F6A-B610-AF0713AB1077}.Release|Any CPU.ActiveCfg = Release|Any CPU
		{FFADCCE0-9615-4F6A-B610-AF0713AB1077}.Release|Any CPU.Build.0 = Release|Any CPU
		{3EF83306-A96F-41D7-9588-7BB33A38620E}.Debug|Any CPU.ActiveCfg = Debug|Any CPU
		{3EF83306-A96F-41D7-9588-7BB33A38620E}.Debug|Any CPU.Build.0 = Debug|Any CPU
		{3EF83306-A96F-41D7-9588-7BB33A38620E}.Release|Any CPU.ActiveCfg = Release|Any CPU
		{3EF83306-A96F-41D7-9588-7BB33A38620E}.Release|Any CPU.Build.0 = Release|Any CPU
		{AA4961E4-AB9C-4BFF-A59E-C4874A01A4BB}.Debug|Any CPU.ActiveCfg = Debug|Any CPU
		{AA4961E4-AB9C-4BFF-A59E-C4874A01A4BB}.Debug|Any CPU.Build.0 = Debug|Any CPU
		{AA4961E4-AB9C-4BFF-A59E-C4874A01A4BB}.Release|Any CPU.ActiveCfg = Release|Any CPU
		{AA4961E4-AB9C-4BFF-A59E-C4874A01A4BB}.Release|Any CPU.Build.0 = Release|Any CPU
		{55AA3B18-2FA2-4D01-A215-508C16A897B0}.Debug|Any CPU.ActiveCfg = Debug|Any CPU
		{55AA3B18-2FA2-4D01-A215-508C16A897B0}.Debug|Any CPU.Build.0 = Debug|Any CPU
		{55AA3B18-2FA2-4D01-A215-508C16A897B0}.Release|Any CPU.ActiveCfg = Release|Any CPU
		{55AA3B18-2FA2-4D01-A215-508C16A897B0}.Release|Any CPU.Build.0 = Release|Any CPU
		{CD3CD721-B284-4D25-B850-B672A4207810}.Debug|Any CPU.ActiveCfg = Debug|Any CPU
		{CD3CD721-B284-4D25-B850-B672A4207810}.Debug|Any CPU.Build.0 = Debug|Any CPU
		{CD3CD721-B284-4D25-B850-B672A4207810}.Release|Any CPU.ActiveCfg = Release|Any CPU
		{CD3CD721-B284-4D25-B850-B672A4207810}.Release|Any CPU.Build.0 = Release|Any CPU
	EndGlobalSection
	GlobalSection(SolutionProperties) = preSolution
		HideSolutionNode = FALSE
	EndGlobalSection
	GlobalSection(NestedProjects) = preSolution
		{5021BEB6-5928-48C2-A590-6AFDD6BE8296} = {17FBBE80-7C50-438E-BF9C-841872A5145D}
		{A5D58099-16A5-447C-8778-49B6E7536EC5} = {46473F77-7246-4A71-B549-460773DF3108}
		{B84B176D-7351-4F23-951B-F783105B4C46} = {46473F77-7246-4A71-B549-460773DF3108}
		{F99B9622-595C-4E73-BFBF-9F1D47975288} = {17FBBE80-7C50-438E-BF9C-841872A5145D}
		{76059D67-AED6-441B-B3E4-B1364D5F410C} = {A20C5F91-0261-4C37-9370-42762BAB07EC}
		{DC107447-6489-428D-B63C-AFC8FA944244} = {17FBBE80-7C50-438E-BF9C-841872A5145D}
		{FFADCCE0-9615-4F6A-B610-AF0713AB1077} = {17FBBE80-7C50-438E-BF9C-841872A5145D}
		{AA4961E4-AB9C-4BFF-A59E-C4874A01A4BB} = {17FBBE80-7C50-438E-BF9C-841872A5145D}
		{CD3CD721-B284-4D25-B850-B672A4207810} = {17FBBE80-7C50-438E-BF9C-841872A5145D}
	EndGlobalSection
	GlobalSection(ExtensibilityGlobals) = postSolution
		SolutionGuid = {4594D907-7F95-4BE7-9F36-5549A090604B}
	EndGlobalSection
EndGlobal
